
Microsoft Visual Studio Solution File, Format Version 12.00
# Visual Studio Version 16
VisualStudioVersion = 16.0.31515.178
MinimumVisualStudioVersion = 10.0.40219.1
Project("{FAE04EC0-301F-11D3-BF4B-00C04F79EFBC}") = "TestTask_SysTech", "TestTask_SysTech.csproj", "{ABE604E2-B3F1-4724-9C9C-B88DF8C8070F}"
EndProject
Global
	GlobalSection(SolutionConfigurationPlatforms) = preSolution
		Debug|Any CPU = Debug|Any CPU
		Release|Any CPU = Release|Any CPU
	EndGlobalSection
	GlobalSection(ProjectConfigurationPlatforms) = postSolution
		{ABE604E2-B3F1-4724-9C9C-B88DF8C8070F}.Debug|Any CPU.ActiveCfg = Debug|Any CPU
		{ABE604E2-B3F1-4724-9C9C-B88DF8C8070F}.Debug|Any CPU.Build.0 = Debug|Any CPU
		{ABE604E2-B3F1-4724-9C9C-B88DF8C8070F}.Release|Any CPU.ActiveCfg = Release|Any CPU
		{ABE604E2-B3F1-4724-9C9C-B88DF8C8070F}.Release|Any CPU.Build.0 = Release|Any CPU
	EndGlobalSection
	GlobalSection(SolutionProperties) = preSolution
		HideSolutionNode = FALSE
	EndGlobalSection
	GlobalSection(ExtensibilityGlobals) = postSolution
		SolutionGuid = {5D794955-2A97-4519-A37F-7BCA4AA6C0E4}
	EndGlobalSection
EndGlobal
